
Microsoft Visual Studio Solution File, Format Version 12.00
# Visual Studio Version 17
VisualStudioVersion = 17.5.33627.172
MinimumVisualStudioVersion = 10.0.40219.1
Project("{9A19103F-16F7-4668-BE54-9A1E7A4F7556}") = "Listener", "TcpConnector\Listener.csproj", "{47E1EA1B-46BD-4120-9CC8-0B31D6BC133D}"
EndProject
Project("{9A19103F-16F7-4668-BE54-9A1E7A4F7556}") = "Sender", "TcpSender\Sender.csproj", "{6CFE5343-9186-4B5B-B9B0-DC6D9B9B79E7}"
EndProject
Project("{FAE04EC0-301F-11D3-BF4B-00C04F79EFBC}") = "Core", "Core\Core.csproj", "{6807F7BB-0EE3-439A-88D9-E821BAB2D426}"
EndProject
Global
	GlobalSection(SolutionConfigurationPlatforms) = preSolution
		Debug|Any CPU = Debug|Any CPU
		Release|Any CPU = Release|Any CPU
	EndGlobalSection
	GlobalSection(ProjectConfigurationPlatforms) = postSolution
		{47E1EA1B-46BD-4120-9CC8-0B31D6BC133D}.Debug|Any CPU.ActiveCfg = Debug|Any CPU
		{47E1EA1B-46BD-4120-9CC8-0B31D6BC133D}.Debug|Any CPU.Build.0 = Debug|Any CPU
		{47E1EA1B-46BD-4120-9CC8-0B31D6BC133D}.Release|Any CPU.ActiveCfg = Release|Any CPU
		{47E1EA1B-46BD-4120-9CC8-0B31D6BC133D}.Release|Any CPU.Build.0 = Release|Any CPU
		{6CFE5343-9186-4B5B-B9B0-DC6D9B9B79E7}.Debug|Any CPU.ActiveCfg = Debug|Any CPU
		{6CFE5343-9186-4B5B-B9B0-DC6D9B9B79E7}.Debug|Any CPU.Build.0 = Debug|Any CPU
		{6CFE5343-9186-4B5B-B9B0-DC6D9B9B79E7}.Release|Any CPU.ActiveCfg = Release|Any CPU
		{6CFE5343-9186-4B5B-B9B0-DC6D9B9B79E7}.Release|Any CPU.Build.0 = Release|Any CPU
		{6807F7BB-0EE3-439A-88D9-E821BAB2D426}.Debug|Any CPU.ActiveCfg = Debug|Any CPU
		{6807F7BB-0EE3-439A-88D9-E821BAB2D426}.Debug|Any CPU.Build.0 = Debug|Any CPU
		{6807F7BB-0EE3-439A-88D9-E821BAB2D426}.Release|Any CPU.ActiveCfg = Release|Any CPU
		{6807F7BB-0EE3-439A-88D9-E821BAB2D426}.Release|Any CPU.Build.0 = Release|Any CPU
	EndGlobalSection
	GlobalSection(SolutionProperties) = preSolution
		HideSolutionNode = FALSE
	EndGlobalSection
	GlobalSection(ExtensibilityGlobals) = postSolution
		SolutionGuid = {0B2F8023-B60D-4B70-B13A-9BFF46688361}
	EndGlobalSection
EndGlobal
